
Microsoft Visual Studio Solution File, Format Version 12.00
# Visual Studio 15
VisualStudioVersion = 15.0.28010.2003
MinimumVisualStudioVersion = 10.0.40219.1
Project("{FAE04EC0-301F-11D3-BF4B-00C04F79EFBC}") = "FhirBundleSplitter.Core", "FhirBundleSplitter.Core\FhirBundleSplitter.Core.csproj", "{CB0867FD-D500-4246-A778-321309569B76}"
EndProject
Project("{2150E333-8FDC-42A3-9474-1A3956D46DE8}") = "Tests", "Tests", "{19C86834-C25B-4EEF-B899-F4566EA93EAA}"
EndProject
Project("{FAE04EC0-301F-11D3-BF4B-00C04F79EFBC}") = "FhirBundleSplitter.Core.Tests", "FhirBundleSplitter.Core.Tests\FhirBundleSplitter.Core.Tests.csproj", "{F26E6483-682F-4726-8987-0E07E3C7DA8A}"
EndProject
Project("{FAE04EC0-301F-11D3-BF4B-00C04F79EFBC}") = "FhirBundleSplitter.Model", "FhirBundleSplitter.Model\FhirBundleSplitter.Model.csproj", "{2AABF5C2-6E34-4186-9EDD-935E23DD3015}"
EndProject
Project("{FAE04EC0-301F-11D3-BF4B-00C04F79EFBC}") = "FhirBundleSplitter.Data", "FhirBundleSplitter.Data\FhirBundleSplitter.Data.csproj", "{BB3FF02C-5EA5-4B1C-A261-4A8B2EBBD3E1}"
EndProject
Project("{FAE04EC0-301F-11D3-BF4B-00C04F79EFBC}") = "FhirBundleSplitter.Data.Model", "FhirBundleSplitter.Data.Model\FhirBundleSplitter.Data.Model.csproj", "{26693AD6-69AD-4FCF-87ED-F2D19F22572F}"
EndProject
Global
	GlobalSection(SolutionConfigurationPlatforms) = preSolution
		Debug|Any CPU = Debug|Any CPU
		Release|Any CPU = Release|Any CPU
	EndGlobalSection
	GlobalSection(ProjectConfigurationPlatforms) = postSolution
		{CB0867FD-D500-4246-A778-321309569B76}.Debug|Any CPU.ActiveCfg = Debug|Any CPU
		{CB0867FD-D500-4246-A778-321309569B76}.Debug|Any CPU.Build.0 = Debug|Any CPU
		{CB0867FD-D500-4246-A778-321309569B76}.Release|Any CPU.ActiveCfg = Release|Any CPU
		{CB0867FD-D500-4246-A778-321309569B76}.Release|Any CPU.Build.0 = Release|Any CPU
		{F26E6483-682F-4726-8987-0E07E3C7DA8A}.Debug|Any CPU.ActiveCfg = Debug|Any CPU
		{F26E6483-682F-4726-8987-0E07E3C7DA8A}.Debug|Any CPU.Build.0 = Debug|Any CPU
		{F26E6483-682F-4726-8987-0E07E3C7DA8A}.Release|Any CPU.ActiveCfg = Release|Any CPU
		{F26E6483-682F-4726-8987-0E07E3C7DA8A}.Release|Any CPU.Build.0 = Release|Any CPU
		{2AABF5C2-6E34-4186-9EDD-935E23DD3015}.Debug|Any CPU.ActiveCfg = Debug|Any CPU
		{2AABF5C2-6E34-4186-9EDD-935E23DD3015}.Debug|Any CPU.Build.0 = Debug|Any CPU
		{2AABF5C2-6E34-4186-9EDD-935E23DD3015}.Release|Any CPU.ActiveCfg = Release|Any CPU
		{2AABF5C2-6E34-4186-9EDD-935E23DD3015}.Release|Any CPU.Build.0 = Release|Any CPU
		{BB3FF02C-5EA5-4B1C-A261-4A8B2EBBD3E1}.Debug|Any CPU.ActiveCfg = Debug|Any CPU
		{BB3FF02C-5EA5-4B1C-A261-4A8B2EBBD3E1}.Debug|Any CPU.Build.0 = Debug|Any CPU
		{BB3FF02C-5EA5-4B1C-A261-4A8B2EBBD3E1}.Release|Any CPU.ActiveCfg = Release|Any CPU
		{BB3FF02C-5EA5-4B1C-A261-4A8B2EBBD3E1}.Release|Any CPU.Build.0 = Release|Any CPU
		{26693AD6-69AD-4FCF-87ED-F2D19F22572F}.Debug|Any CPU.ActiveCfg = Debug|Any CPU
		{26693AD6-69AD-4FCF-87ED-F2D19F22572F}.Debug|Any CPU.Build.0 = Debug|Any CPU
		{26693AD6-69AD-4FCF-87ED-F2D19F22572F}.Release|Any CPU.ActiveCfg = Release|Any CPU
		{26693AD6-69AD-4FCF-87ED-F2D19F22572F}.Release|Any CPU.Build.0 = Release|Any CPU
	EndGlobalSection
	GlobalSection(SolutionProperties) = preSolution
		HideSolutionNode = FALSE
	EndGlobalSection
	GlobalSection(NestedProjects) = preSolution
		{F26E6483-682F-4726-8987-0E07E3C7DA8A} = {19C86834-C25B-4EEF-B899-F4566EA93EAA}
	EndGlobalSection
	GlobalSection(ExtensibilityGlobals) = postSolution
		SolutionGuid = {0AECB8E8-6CF8-4054-9B4A-774C16432BF6}
	EndGlobalSection
EndGlobal
